
Microsoft Visual Studio Solution File, Format Version 12.00
# Visual Studio Version 17
VisualStudioVersion = 17.14.36310.24 d17.14
MinimumVisualStudioVersion = 10.0.40219.1
Project("{FAE04EC0-301F-11D3-BF4B-00C04F79EFBC}") = "team_management_system", "team_management_system.csproj", "{8CB86772-DFBB-4EB4-96F6-EF5B5802D7DE}"
EndProject
Global
	GlobalSection(SolutionConfigurationPlatforms) = preSolution
		Debug|Any CPU = Debug|Any CPU
		Release|Any CPU = Release|Any CPU
	EndGlobalSection
	GlobalSection(ProjectConfigurationPlatforms) = postSolution
		{8CB86772-DFBB-4EB4-96F6-EF5B5802D7DE}.Debug|Any CPU.ActiveCfg = Debug|Any CPU
		{8CB86772-DFBB-4EB4-96F6-EF5B5802D7DE}.Debug|Any CPU.Build.0 = Debug|Any CPU
		{8CB86772-DFBB-4EB4-96F6-EF5B5802D7DE}.Release|Any CPU.ActiveCfg = Release|Any CPU
		{8CB86772-DFBB-4EB4-96F6-EF5B5802D7DE}.Release|Any CPU.Build.0 = Release|Any CPU
	EndGlobalSection
	GlobalSection(SolutionProperties) = preSolution
		HideSolutionNode = FALSE
	EndGlobalSection
	GlobalSection(ExtensibilityGlobals) = postSolution
		SolutionGuid = {34E874AE-E27B-4E36-99A7-80E25FCACEF8}
	EndGlobalSection
EndGlobal
